
Microsoft Visual Studio Solution File, Format Version 12.00
# Visual Studio Version 17
VisualStudioVersion = 17.10.35027.167
MinimumVisualStudioVersion = 10.0.40219.1
Project("{FAE04EC0-301F-11D3-BF4B-00C04F79EFBC}") = "WorkflowAnalyzerTST", "WorkflowAnalyzerTST.csproj", "{6BC7CDEB-6AF4-4B72-80EB-18D3D5AD61EB}"
EndProject
Global
	GlobalSection(SolutionConfigurationPlatforms) = preSolution
		Debug|Any CPU = Debug|Any CPU
		Release|Any CPU = Release|Any CPU
	EndGlobalSection
	GlobalSection(ProjectConfigurationPlatforms) = postSolution
		{6BC7CDEB-6AF4-4B72-80EB-18D3D5AD61EB}.Debug|Any CPU.ActiveCfg = Debug|Any CPU
		{6BC7CDEB-6AF4-4B72-80EB-18D3D5AD61EB}.Debug|Any CPU.Build.0 = Debug|Any CPU
		{6BC7CDEB-6AF4-4B72-80EB-18D3D5AD61EB}.Release|Any CPU.ActiveCfg = Release|Any CPU
		{6BC7CDEB-6AF4-4B72-80EB-18D3D5AD61EB}.Release|Any CPU.Build.0 = Release|Any CPU
	EndGlobalSection
	GlobalSection(SolutionProperties) = preSolution
		HideSolutionNode = FALSE
	EndGlobalSection
	GlobalSection(ExtensibilityGlobals) = postSolution
		SolutionGuid = {724206D8-4701-46C7-B96E-65E5AE42B650}
	EndGlobalSection
EndGlobal
